{
  "version": 4,
  "terraform_version": "1.7.4",
  "serial": 4,
  "lineage": "868a739e-5573-6a81-dda7-676bbf107b8d",
  "outputs": {},
  "resources": [
    {
      "mode": "managed",
      "type": "google_container_cluster",
      "name": "primary",
      "provider": "provider[\"registry.terraform.io/hashicorp/google\"]",
      "instances": [
        {
          "schema_version": 2,
          "attributes": {
            "addons_config": [
              {
                "cloudrun_config": [],
                "config_connector_config": [],
                "dns_cache_config": [],
                "gce_persistent_disk_csi_driver_config": [
                  {
                    "enabled": true
                  }
                ],
                "gcp_filestore_csi_driver_config": [],
                "gcs_fuse_csi_driver_config": [],
                "gke_backup_agent_config": [],
                "horizontal_pod_autoscaling": [],
                "http_load_balancing": [],
                "network_policy_config": [
                  {
                    "disabled": true
                  }
                ]
              }
            ],
            "allow_net_admin": null,
            "authenticator_groups_config": [],
            "binary_authorization": [
              {
                "enabled": false,
                "evaluation_mode": ""
              }
            ],
            "cluster_autoscaling": [
              {
                "auto_provisioning_defaults": [],
                "autoscaling_profile": "BALANCED",
                "enabled": false,
                "resource_limits": []
              }
            ],
            "cluster_ipv4_cidr": "10.8.0.0/14",
            "confidential_nodes": [],
            "cost_management_config": [],
            "database_encryption": [
              {
                "key_name": "",
                "state": "DECRYPTED"
              }
            ],
            "datapath_provider": "",
            "default_max_pods_per_node": 110,
            "default_snat_status": [
              {
                "disabled": false
              }
            ],
            "deletion_protection": true,
            "description": "",
            "dns_config": [],
            "enable_autopilot": false,
            "enable_intranode_visibility": false,
            "enable_k8s_beta_apis": [],
            "enable_kubernetes_alpha": false,
            "enable_l4_ilb_subsetting": false,
            "enable_legacy_abac": false,
            "enable_shielded_nodes": true,
            "enable_tpu": false,
            "endpoint": "34.16.34.190",
            "fleet": [],
            "gateway_api_config": [],
            "id": "projects/theta-turbine-417512/locations/us-central1/clusters/nft-marketplace-cluster",
            "identity_service_config": [],
            "initial_node_count": 1,
            "ip_allocation_policy": [
              {
                "additional_pod_ranges_config": [],
                "cluster_ipv4_cidr_block": "10.8.0.0/14",
                "cluster_secondary_range_name": "gke-nft-marketplace-cluster-pods-177f0343",
                "pod_cidr_overprovision_config": [
                  {
                    "disabled": false
                  }
                ],
                "services_ipv4_cidr_block": "10.12.0.0/20",
                "services_secondary_range_name": "gke-nft-marketplace-cluster-services-177f0343",
                "stack_type": "IPV4"
              }
            ],
            "label_fingerprint": "a9dc16a7",
            "location": "us-central1",
            "logging_config": [
              {
                "enable_components": [
                  "SYSTEM_COMPONENTS",
                  "WORKLOADS"
                ]
              }
            ],
            "logging_service": "logging.googleapis.com/kubernetes",
            "maintenance_policy": [],
            "master_auth": [
              {
                "client_certificate": "",
                "client_certificate_config": [
                  {
                    "issue_client_certificate": false
                  }
                ],
                "client_key": "",
                "cluster_ca_certificate": "LS0tLS1CRUdJTiBDRVJUSUZJQ0FURS0tLS0tCk1JSUVMVENDQXBXZ0F3SUJBZ0lSQUtGdEwwQmM2YVY4NHBUUHZqL2duVWd3RFFZSktvWklodmNOQVFFTEJRQXcKTHpFdE1Dc0dBMVVFQXhNa016YzVPVE5sTTJRdFptRmlZaTAwWWpWbUxXSmxaRFV0WVdOaVpETXlOVEV6TldJNApNQ0FYRFRJME1ETXhPREEwTVRrMU5Wb1lEekl3TlRRd016RXhNRFV4T1RVMVdqQXZNUzB3S3dZRFZRUURFeVF6Ck56azVNMlV6WkMxbVlXSmlMVFJpTldZdFltVmtOUzFoWTJKa016STFNVE0xWWpnd2dnR2lNQTBHQ1NxR1NJYjMKRFFFQkFRVUFBNElCandBd2dnR0tBb0lCZ1FEdHFRSzNGY0dtbTR4RnQzZnZTbFl2L3Era0VkTExjKzJVYmtvOApMM3ZDWlBqdXZmRmtSMnl2WVp4ZzJiekw3MWtwN1RFa1MrclU1Mm00YXhKTjJFQnFUdGpoRURYRDIvVVNxNHk0CkFoanEvcEpoWWI1NElXMGdwOWVjcVE1Y3BvNG1qY1A0QmhLLzBXRGkyczBsTW9EY05MUlNvdFAza21iV0p3c0YKeUxuR0lPUXhCc3N0QkZPL016VzJlRHc2STgrbUkxL2pZd0V0eWhPTXZ0TmVGcldLd1FBR2dxdTZoak4wZ1Y3dQpSeEFlcXIwR2hxTGI2YllYNjRBUUpZbnF5SGFaSXJ2a1BrZ2ViWkg5Z3ZwNk1yRmZ1RGVWdzdSZlJwM1Zjak02ClZVQklBNW9VaGk1b2RFSFo4TklyYmZHMHN6VTdQcnlwbEtYRVI4dElFaWxqRmxFNDhJS1VkVGpUMHgxdDZUUHUKY3N2RGNJeDRGQmR1bDQvejFDbGdiNGxHTGsvTVBFR0tQMTdWRTBzMkQxZFFPTHRxRlhDWjAzMWRHeGxISVZuRwpDZ0d0MlBnWDRwd3lUeWlJVUl5V3dQSS85ZS9NNVV2ZjR0Qk01dlNlNXpzL2Z5WERySGhpdUdZRm9vcHlIT1U3CmJnMzlyRStTT21hK0dESzlLVWdBUEE2bFgxMENBd0VBQWFOQ01FQXdEZ1lEVlIwUEFRSC9CQVFEQWdJRU1BOEcKQTFVZEV3RUIvd1FGTUFNQkFmOHdIUVlEVlIwT0JCWUVGUGRsLzRxNHhCTkJBcVZuNkZIZFowODBNTzZvTUEwRwpDU3FHU0liM0RRRUJDd1VBQTRJQmdRQUFuMW9RZFd5U29HOWl6YkFPQkdvU1VycytQMUN6Y1owYTRqcFh3TWY1CjJITkVqazdSa3BYZ28xWDNpTGZtbjhrY3FibDJIb0p5ejNvMFBTWW9GV1JkS0thWnpJbGUvSG0wTE9FWitOR2sKK25UMkVjRHUrZ3RNa0cvZGd3UWs5Qy9kNWcwNHQweCt1K1A3empzU01IeDArTGF5YklzTnJxMys3Uk5SZ0lDMworVjYyYSs0eCtXdENTc2xoSTZNMUNRa2ZqL0xIY3F5UEUrQ1FSYzJIS1p4MDVIRzh3RU52TWU5aUN6aVJreDNsCndTZy9VRkNxc3ZWYUJERDBPQTR1eU9ub1VzRU1QUENEV1hhT0x4TW5tLy9UVS95OFhpdlIvYzU5UlJsNm94RVEKYTBhTUpPMi9iZ1VBQmVabzAwbW8yalY3aVl4RmkxdThRZUM4MUNCRVBXbE1EMWxPaUR2WGVUdnFSZ3JKSi9WMQo5b05FSjVEcXB2b0VhWlp4cnpaZWJiWUpGVWpqWDdCU0lVMjI3aTVaMUNzSTUvQnV6c1plM1lGcjRmZGEvU2tsCmlwK25wdEpHY3RwMkgyWGtpQmdEZTU5MzhwckhHQnVkNjRSV1pTT1pkSzB2emFndThzL3JNRjJxU1A0aFl6RlQKT2hvcXIvZy85YzBBdnp4VHREZ0dQbk09Ci0tLS0tRU5EIENFUlRJRklDQVRFLS0tLS0K"
              }
            ],
            "master_authorized_networks_config": [],
            "master_version": "1.27.8-gke.1067004",
            "mesh_certificates": [],
            "min_master_version": null,
            "monitoring_config": [
              {
                "advanced_datapath_observability_config": [
                  {
                    "enable_metrics": false,
                    "enable_relay": false,
                    "relay_mode": "DISABLED"
                  }
                ],
                "enable_components": [
                  "SYSTEM_COMPONENTS"
                ],
                "managed_prometheus": [
                  {
                    "enabled": true
                  }
                ]
              }
            ],
            "monitoring_service": "monitoring.googleapis.com/kubernetes",
            "name": "nft-marketplace-cluster",
            "network": "projects/theta-turbine-417512/global/networks/default",
            "network_policy": [
              {
                "enabled": false,
                "provider": "PROVIDER_UNSPECIFIED"
              }
            ],
            "networking_mode": "VPC_NATIVE",
            "node_config": [],
            "node_locations": [
              "us-central1-a",
              "us-central1-c",
              "us-central1-f"
            ],
            "node_pool": [],
            "node_pool_auto_config": [],
            "node_pool_defaults": [
              {
                "node_config_defaults": [
                  {
                    "logging_variant": "DEFAULT"
                  }
                ]
              }
            ],
            "node_version": "1.27.8-gke.1067004",
            "notification_config": [
              {
                "pubsub": [
                  {
                    "enabled": false,
                    "filter": [],
                    "topic": ""
                  }
                ]
              }
            ],
            "operation": null,
            "private_cluster_config": [
              {
                "enable_private_endpoint": false,
                "enable_private_nodes": false,
                "master_global_access_config": [
                  {
                    "enabled": false
                  }
                ],
                "master_ipv4_cidr_block": "",
                "peering_name": "",
                "private_endpoint": "10.128.0.2",
                "private_endpoint_subnetwork": "",
                "public_endpoint": "34.16.34.190"
              }
            ],
            "private_ipv6_google_access": "",
            "project": "theta-turbine-417512",
            "release_channel": [
              {
                "channel": "REGULAR"
              }
            ],
            "remove_default_node_pool": true,
            "resource_labels": null,
            "resource_usage_export_config": [],
            "security_posture_config": [
              {
                "mode": "BASIC",
                "vulnerability_mode": "VULNERABILITY_MODE_UNSPECIFIED"
              }
            ],
            "self_link": "https://container.googleapis.com/v1/projects/theta-turbine-417512/locations/us-central1/clusters/nft-marketplace-cluster",
            "service_external_ips_config": [
              {
                "enabled": false
              }
            ],
            "services_ipv4_cidr": "10.12.0.0/20",
            "subnetwork": "projects/theta-turbine-417512/regions/us-central1/subnetworks/default",
            "timeouts": null,
            "tpu_ipv4_cidr_block": "",
            "vertical_pod_autoscaling": [],
            "workload_identity_config": []
          },
          "sensitive_attributes": [],
          "private": "eyJlMmJmYjczMC1lY2FhLTExZTYtOGY4OC0zNDM2M2JjN2M0YzAiOnsiY3JlYXRlIjoyNDAwMDAwMDAwMDAwLCJkZWxldGUiOjI0MDAwMDAwMDAwMDAsInJlYWQiOjI0MDAwMDAwMDAwMDAsInVwZGF0ZSI6MzYwMDAwMDAwMDAwMH0sInNjaGVtYV92ZXJzaW9uIjoiMiJ9"
        }
      ]
    },
    {
      "mode": "managed",
      "type": "google_container_node_pool",
      "name": "primary_nodes",
      "provider": "provider[\"registry.terraform.io/hashicorp/google\"]",
      "instances": [
        {
          "status": "tainted",
          "schema_version": 1,
          "attributes": {
            "autoscaling": [],
            "cluster": "nft-marketplace-cluster",
            "id": "projects/theta-turbine-417512/locations/us-central1/clusters/nft-marketplace-cluster/nodePools/primary-node-pool",
            "initial_node_count": null,
            "instance_group_urls": null,
            "location": "us-central1",
            "managed_instance_group_urls": null,
            "management": null,
            "max_pods_per_node": null,
            "name": "primary-node-pool",
            "name_prefix": null,
            "network_config": null,
            "node_config": [
              {
                "advanced_machine_features": [],
                "boot_disk_kms_key": "",
                "confidential_nodes": [],
                "disk_size_gb": 0,
                "disk_type": "",
                "effective_taints": [],
                "enable_confidential_storage": false,
                "ephemeral_storage_local_ssd_config": [],
                "fast_socket": [],
                "gcfs_config": [],
                "guest_accelerator": [],
                "gvnic": [],
                "host_maintenance_policy": [],
                "image_type": "",
                "kubelet_config": [],
                "labels": {},
                "linux_node_config": [],
                "local_nvme_ssd_block_config": [],
                "local_ssd_count": 0,
                "logging_variant": "",
                "machine_type": "e2-medium",
                "metadata": {},
                "min_cpu_platform": "",
                "node_group": "",
                "oauth_scopes": [
                  "https://www.googleapis.com/auth/compute",
                  "https://www.googleapis.com/auth/devstorage.read_write",
                  "https://www.googleapis.com/auth/logging.write",
                  "https://www.googleapis.com/auth/monitoring"
                ],
                "preemptible": false,
                "reservation_affinity": [],
                "resource_labels": null,
                "resource_manager_tags": null,
                "service_account": "",
                "shielded_instance_config": [],
                "sole_tenant_config": [],
                "spot": false,
                "tags": null,
                "taint": [],
                "workload_metadata_config": []
              }
            ],
            "node_count": 1,
            "node_locations": [],
            "operation": null,
            "placement_policy": [],
            "project": "theta-turbine-417512",
            "timeouts": null,
            "upgrade_settings": null,
            "version": null
          },
          "sensitive_attributes": [],
          "private": "eyJlMmJmYjczMC1lY2FhLTExZTYtOGY4OC0zNDM2M2JjN2M0YzAiOnsiY3JlYXRlIjoxODAwMDAwMDAwMDAwLCJkZWxldGUiOjE4MDAwMDAwMDAwMDAsInVwZGF0ZSI6MTgwMDAwMDAwMDAwMH0sInNjaGVtYV92ZXJzaW9uIjoiMSJ9",
          "dependencies": [
            "google_container_cluster.primary"
          ]
        }
      ]
    }
  ],
  "check_results": null
}
